// !$*UTF8*$!
{
	archiveVersion = 1;
	classes = {
	};
	objectVersion = 50;
	objects = {

/* Begin PBXAggregateTarget section */
		B1AD441020B211DF00FAA190 /* CommonCryptoModuleMap */ = {
			isa = PBXAggregateTarget;
			buildConfigurationList = B1AD441120B211DF00FAA190 /* Build configuration list for PBXAggregateTarget "CommonCryptoModuleMap" */;
			buildPhases = (
				B1AD441420B2120000FAA190 /* ShellScript */,
			);
			dependencies = (
			);
			name = CommonCryptoModuleMap;
			productName = CommonCryptoModuleMap;
		};
/* End PBXAggregateTarget section */

/* Begin PBXBuildFile section */
		B1AD43FB20B200A600FAA190 /* LCEssentials.framework in Frameworks */ = {isa = PBXBuildFile; fileRef = B1AD43F120B200A600FAA190 /* LCEssentials.framework */; };
		B1AD440020B200A600FAA190 /* LCEssentialsTests.swift in Sources */ = {isa = PBXBuildFile; fileRef = B1AD43FF20B200A600FAA190 /* LCEssentialsTests.swift */; };
		B1AD440220B200A600FAA190 /* LCEssentials.h in Headers */ = {isa = PBXBuildFile; fileRef = B1AD43F420B200A600FAA190 /* LCEssentials.h */; settings = {ATTRIBUTES = (Public, ); }; };
		B1AD440D20B203B200FAA190 /* LCDefaults.swift in Sources */ = {isa = PBXBuildFile; fileRef = B1AD440C20B203B200FAA190 /* LCDefaults.swift */; };
		B1AD440F20B20E2F00FAA190 /* LCDesignables.swift in Sources */ = {isa = PBXBuildFile; fileRef = B1AD440E20B20E2F00FAA190 /* LCDesignables.swift */; };
/* End PBXBuildFile section */

/* Begin PBXContainerItemProxy section */
		B1AD43FC20B200A600FAA190 /* PBXContainerItemProxy */ = {
			isa = PBXContainerItemProxy;
			containerPortal = B1AD43E820B200A600FAA190 /* Project object */;
			proxyType = 1;
			remoteGlobalIDString = B1AD43F020B200A600FAA190;
			remoteInfo = LCEssentials;
		};
		B1AD441520B2122800FAA190 /* PBXContainerItemProxy */ = {
			isa = PBXContainerItemProxy;
			containerPortal = B1AD43E820B200A600FAA190 /* Project object */;
			proxyType = 1;
			remoteGlobalIDString = B1AD441020B211DF00FAA190;
			remoteInfo = CommonCryptoModuleMap;
		};
/* End PBXContainerItemProxy section */

/* Begin PBXFileReference section */
		B1AD43F120B200A600FAA190 /* LCEssentials.framework */ = {isa = PBXFileReference; explicitFileType = wrapper.framework; includeInIndex = 0; path = LCEssentials.framework; sourceTree = BUILT_PRODUCTS_DIR; };
		B1AD43F420B200A600FAA190 /* LCEssentials.h */ = {isa = PBXFileReference; lastKnownFileType = sourcecode.c.h; path = LCEssentials.h; sourceTree = "<group>"; };
		B1AD43F520B200A600FAA190 /* Info.plist */ = {isa = PBXFileReference; lastKnownFileType = text.plist.xml; path = Info.plist; sourceTree = "<group>"; };
		B1AD43FA20B200A600FAA190 /* LCEssentialsTests.xctest */ = {isa = PBXFileReference; explicitFileType = wrapper.cfbundle; includeInIndex = 0; path = LCEssentialsTests.xctest; sourceTree = BUILT_PRODUCTS_DIR; };
		B1AD43FF20B200A600FAA190 /* LCEssentialsTests.swift */ = {isa = PBXFileReference; lastKnownFileType = sourcecode.swift; path = LCEssentialsTests.swift; sourceTree = "<group>"; };
		B1AD440120B200A600FAA190 /* Info.plist */ = {isa = PBXFileReference; lastKnownFileType = text.plist.xml; path = Info.plist; sourceTree = "<group>"; };
		B1AD440C20B203B200FAA190 /* LCDefaults.swift */ = {isa = PBXFileReference; lastKnownFileType = sourcecode.swift; path = LCDefaults.swift; sourceTree = "<group>"; };
		B1AD440E20B20E2F00FAA190 /* LCDesignables.swift */ = {isa = PBXFileReference; lastKnownFileType = sourcecode.swift; path = LCDesignables.swift; sourceTree = "<group>"; };
/* End PBXFileReference section */

/* Begin PBXFrameworksBuildPhase section */
		B1AD43ED20B200A600FAA190 /* Frameworks */ = {
			isa = PBXFrameworksBuildPhase;
			buildActionMask = 2147483647;
			files = (
			);
			runOnlyForDeploymentPostprocessing = 0;
		};
		B1AD43F720B200A600FAA190 /* Frameworks */ = {
			isa = PBXFrameworksBuildPhase;
			buildActionMask = 2147483647;
			files = (
				B1AD43FB20B200A600FAA190 /* LCEssentials.framework in Frameworks */,
			);
			runOnlyForDeploymentPostprocessing = 0;
		};
/* End PBXFrameworksBuildPhase section */

/* Begin PBXGroup section */
		B1AD43E720B200A600FAA190 = {
			isa = PBXGroup;
			children = (
				B1AD43F320B200A600FAA190 /* LCEssentials */,
				B1AD43FE20B200A600FAA190 /* LCEssentialsTests */,
				B1AD43F220B200A600FAA190 /* Products */,
			);
			sourceTree = "<group>";
		};
		B1AD43F220B200A600FAA190 /* Products */ = {
			isa = PBXGroup;
			children = (
				B1AD43F120B200A600FAA190 /* LCEssentials.framework */,
				B1AD43FA20B200A600FAA190 /* LCEssentialsTests.xctest */,
			);
			name = Products;
			sourceTree = "<group>";
		};
		B1AD43F320B200A600FAA190 /* LCEssentials */ = {
			isa = PBXGroup;
			children = (
				B1AD440B20B2037500FAA190 /* Defaults */,
				B1AD43F420B200A600FAA190 /* LCEssentials.h */,
				B1AD43F520B200A600FAA190 /* Info.plist */,
			);
			path = LCEssentials;
			sourceTree = "<group>";
		};
		B1AD43FE20B200A600FAA190 /* LCEssentialsTests */ = {
			isa = PBXGroup;
			children = (
				B1AD43FF20B200A600FAA190 /* LCEssentialsTests.swift */,
				B1AD440120B200A600FAA190 /* Info.plist */,
			);
			path = LCEssentialsTests;
			sourceTree = "<group>";
		};
		B1AD440B20B2037500FAA190 /* Defaults */ = {
			isa = PBXGroup;
			children = (
				B1AD440C20B203B200FAA190 /* LCDefaults.swift */,
				B1AD440E20B20E2F00FAA190 /* LCDesignables.swift */,
			);
			path = Defaults;
			sourceTree = "<group>";
		};
/* End PBXGroup section */

/* Begin PBXHeadersBuildPhase section */
		B1AD43EE20B200A600FAA190 /* Headers */ = {
			isa = PBXHeadersBuildPhase;
			buildActionMask = 2147483647;
			files = (
				B1AD440220B200A600FAA190 /* LCEssentials.h in Headers */,
			);
			runOnlyForDeploymentPostprocessing = 0;
		};
/* End PBXHeadersBuildPhase section */

/* Begin PBXNativeTarget section */
		B1AD43F020B200A600FAA190 /* LCEssentials */ = {
			isa = PBXNativeTarget;
			buildConfigurationList = B1AD440520B200A600FAA190 /* Build configuration list for PBXNativeTarget "LCEssentials" */;
			buildPhases = (
				B1AD43EC20B200A600FAA190 /* Sources */,
				B1AD43ED20B200A600FAA190 /* Frameworks */,
				B1AD43EE20B200A600FAA190 /* Headers */,
				B1AD43EF20B200A600FAA190 /* Resources */,
			);
			buildRules = (
			);
			dependencies = (
				B1AD441620B2122800FAA190 /* PBXTargetDependency */,
			);
			name = LCEssentials;
			productName = LCEssentials;
			productReference = B1AD43F120B200A600FAA190 /* LCEssentials.framework */;
			productType = "com.apple.product-type.framework";
		};
		B1AD43F920B200A600FAA190 /* LCEssentialsTests */ = {
			isa = PBXNativeTarget;
			buildConfigurationList = B1AD440820B200A600FAA190 /* Build configuration list for PBXNativeTarget "LCEssentialsTests" */;
			buildPhases = (
				B1AD43F620B200A600FAA190 /* Sources */,
				B1AD43F720B200A600FAA190 /* Frameworks */,
				B1AD43F820B200A600FAA190 /* Resources */,
			);
			buildRules = (
			);
			dependencies = (
				B1AD43FD20B200A600FAA190 /* PBXTargetDependency */,
			);
			name = LCEssentialsTests;
			productName = LCEssentialsTests;
			productReference = B1AD43FA20B200A600FAA190 /* LCEssentialsTests.xctest */;
			productType = "com.apple.product-type.bundle.unit-test";
		};
/* End PBXNativeTarget section */

/* Begin PBXProject section */
		B1AD43E820B200A600FAA190 /* Project object */ = {
			isa = PBXProject;
			attributes = {
				LastSwiftUpdateCheck = 0930;
				LastUpgradeCheck = 0930;
				ORGANIZATIONNAME = "Daniel Arantes";
				TargetAttributes = {
					B1AD43F020B200A600FAA190 = {
						CreatedOnToolsVersion = 9.3.1;
						LastSwiftMigration = 0930;
					};
					B1AD43F920B200A600FAA190 = {
						CreatedOnToolsVersion = 9.3.1;
					};
					B1AD441020B211DF00FAA190 = {
						CreatedOnToolsVersion = 9.3.1;
					};
				};
			};
			buildConfigurationList = B1AD43EB20B200A600FAA190 /* Build configuration list for PBXProject "LCEssentials" */;
			compatibilityVersion = "Xcode 9.3";
			developmentRegion = en;
			hasScannedForEncodings = 0;
			knownRegions = (
				en,
			);
			mainGroup = B1AD43E720B200A600FAA190;
			productRefGroup = B1AD43F220B200A600FAA190 /* Products */;
			projectDirPath = "";
			projectRoot = "";
			targets = (
				B1AD43F020B200A600FAA190 /* LCEssentials */,
				B1AD43F920B200A600FAA190 /* LCEssentialsTests */,
				B1AD441020B211DF00FAA190 /* CommonCryptoModuleMap */,
			);
		};
/* End PBXProject section */

/* Begin PBXResourcesBuildPhase section */
		B1AD43EF20B200A600FAA190 /* Resources */ = {
			isa = PBXResourcesBuildPhase;
			buildActionMask = 2147483647;
			files = (
			);
			runOnlyForDeploymentPostprocessing = 0;
		};
		B1AD43F820B200A600FAA190 /* Resources */ = {
			isa = PBXResourcesBuildPhase;
			buildActionMask = 2147483647;
			files = (
			);
			runOnlyForDeploymentPostprocessing = 0;
		};
/* End PBXResourcesBuildPhase section */

/* Begin PBXShellScriptBuildPhase section */
		B1AD441420B2120000FAA190 /* ShellScript */ = {
			isa = PBXShellScriptBuildPhase;
			buildActionMask = 2147483647;
			files = (
			);
			inputPaths = (
			);
			outputPaths = (
			);
			runOnlyForDeploymentPostprocessing = 0;
			shellPath = /bin/sh;
			shellScript = "# This if-statement means we'll only run the main script if the CommonCryptoModuleMap directory doesn't exist\n# Because otherwise the rest of the script causes a full recompile for anything where CommonCrypto is a dependency\n# Do a \"Clean Build Folder\" to remove this directory and trigger the rest of the script to run\nif [ -d \"${BUILT_PRODUCTS_DIR}/CommonCryptoModuleMap\" ]; then\necho \"${BUILT_PRODUCTS_DIR}/CommonCryptoModuleMap directory already exists, so skipping the rest of the script.\"\nexit 0\nfi\n\nmkdir -p \"${BUILT_PRODUCTS_DIR}/CommonCryptoModuleMap\"\ncat <<EOF > \"${BUILT_PRODUCTS_DIR}/CommonCryptoModuleMap/module.modulemap\"\nmodule CommonCrypto [system] {\n    header \"${SDKROOT}/usr/include/CommonCrypto/CommonCrypto.h\"\n    export *\n}\nEOF";
		};
/* End PBXShellScriptBuildPhase section */

/* Begin PBXSourcesBuildPhase section */
		B1AD43EC20B200A600FAA190 /* Sources */ = {
			isa = PBXSourcesBuildPhase;
			buildActionMask = 2147483647;
			files = (
				B1AD440F20B20E2F00FAA190 /* LCDesignables.swift in Sources */,
				B1AD440D20B203B200FAA190 /* LCDefaults.swift in Sources */,
			);
			runOnlyForDeploymentPostprocessing = 0;
		};
		B1AD43F620B200A600FAA190 /* Sources */ = {
			isa = PBXSourcesBuildPhase;
			buildActionMask = 2147483647;
			files = (
				B1AD440020B200A600FAA190 /* LCEssentialsTests.swift in Sources */,
			);
			runOnlyForDeploymentPostprocessing = 0;
		};
/* End PBXSourcesBuildPhase section */

/* Begin PBXTargetDependency section */
		B1AD43FD20B200A600FAA190 /* PBXTargetDependency */ = {
			isa = PBXTargetDependency;
			target = B1AD43F020B200A600FAA190 /* LCEssentials */;
			targetProxy = B1AD43FC20B200A600FAA190 /* PBXContainerItemProxy */;
		};
		B1AD441620B2122800FAA190 /* PBXTargetDependency */ = {
			isa = PBXTargetDependency;
			target = B1AD441020B211DF00FAA190 /* CommonCryptoModuleMap */;
			targetProxy = B1AD441520B2122800FAA190 /* PBXContainerItemProxy */;
		};
/* End PBXTargetDependency section */

/* Begin XCBuildConfiguration section */
		B1AD440320B200A600FAA190 /* Debug */ = {
			isa = XCBuildConfiguration;
			buildSettings = {
				ALWAYS_SEARCH_USER_PATHS = NO;
				CLANG_ANALYZER_NONNULL = YES;
				CLANG_ANALYZER_NUMBER_OBJECT_CONVERSION = YES_AGGRESSIVE;
				CLANG_CXX_LANGUAGE_STANDARD = "gnu++14";
				CLANG_CXX_LIBRARY = "libc++";
				CLANG_ENABLE_MODULES = YES;
				CLANG_ENABLE_OBJC_ARC = YES;
				CLANG_ENABLE_OBJC_WEAK = YES;
				CLANG_WARN_BLOCK_CAPTURE_AUTORELEASING = YES;
				CLANG_WARN_BOOL_CONVERSION = YES;
				CLANG_WARN_COMMA = YES;
				CLANG_WARN_CONSTANT_CONVERSION = YES;
				CLANG_WARN_DEPRECATED_OBJC_IMPLEMENTATIONS = YES;
				CLANG_WARN_DIRECT_OBJC_ISA_USAGE = YES_ERROR;
				CLANG_WARN_DOCUMENTATION_COMMENTS = YES;
				CLANG_WARN_EMPTY_BODY = YES;
				CLANG_WARN_ENUM_CONVERSION = YES;
				CLANG_WARN_INFINITE_RECURSION = YES;
				CLANG_WARN_INT_CONVERSION = YES;
				CLANG_WARN_NON_LITERAL_NULL_CONVERSION = YES;
				CLANG_WARN_OBJC_IMPLICIT_RETAIN_SELF = YES;
				CLANG_WARN_OBJC_LITERAL_CONVERSION = YES;
				CLANG_WARN_OBJC_ROOT_CLASS = YES_ERROR;
				CLANG_WARN_RANGE_LOOP_ANALYSIS = YES;
				CLANG_WARN_STRICT_PROTOTYPES = YES;
				CLANG_WARN_SUSPICIOUS_MOVE = YES;
				CLANG_WARN_UNGUARDED_AVAILABILITY = YES_AGGRESSIVE;
				CLANG_WARN_UNREACHABLE_CODE = YES;
				CLANG_WARN__DUPLICATE_METHOD_MATCH = YES;
				CODE_SIGN_IDENTITY = "iPhone Developer";
				COPY_PHASE_STRIP = NO;
				CURRENT_PROJECT_VERSION = 1;
				DEBUG_INFORMATION_FORMAT = dwarf;
				ENABLE_STRICT_OBJC_MSGSEND = YES;
				ENABLE_TESTABILITY = YES;
				GCC_C_LANGUAGE_STANDARD = gnu11;
				GCC_DYNAMIC_NO_PIC = NO;
				GCC_NO_COMMON_BLOCKS = YES;
				GCC_OPTIMIZATION_LEVEL = 0;
				GCC_PREPROCESSOR_DEFINITIONS = (
					"DEBUG=1",
					"$(inherited)",
				);
				GCC_WARN_64_TO_32_BIT_CONVERSION = YES;
				GCC_WARN_ABOUT_RETURN_TYPE = YES_ERROR;
				GCC_WARN_UNDECLARED_SELECTOR = YES;
				GCC_WARN_UNINITIALIZED_AUTOS = YES_AGGRESSIVE;
				GCC_WARN_UNUSED_FUNCTION = YES;
				GCC_WARN_UNUSED_VARIABLE = YES;
				IPHONEOS_DEPLOYMENT_TARGET = 11.3;
				MTL_ENABLE_DEBUG_INFO = YES;
				ONLY_ACTIVE_ARCH = YES;
				SDKROOT = iphoneos;
				SWIFT_ACTIVE_COMPILATION_CONDITIONS = DEBUG;
				SWIFT_OPTIMIZATION_LEVEL = "-Onone";
				VERSIONING_SYSTEM = "apple-generic";
				VERSION_INFO_PREFIX = "";
			};
			name = Debug;
		};
		B1AD440420B200A600FAA190 /* Release */ = {
			isa = XCBuildConfiguration;
			buildSettings = {
				ALWAYS_SEARCH_USER_PATHS = NO;
				CLANG_ANALYZER_NONNULL = YES;
				CLANG_ANALYZER_NUMBER_OBJECT_CONVERSION = YES_AGGRESSIVE;
				CLANG_CXX_LANGUAGE_STANDARD = "gnu++14";
				CLANG_CXX_LIBRARY = "libc++";
				CLANG_ENABLE_MODULES = YES;
				CLANG_ENABLE_OBJC_ARC = YES;
				CLANG_ENABLE_OBJC_WEAK = YES;
				CLANG_WARN_BLOCK_CAPTURE_AUTORELEASING = YES;
				CLANG_WARN_BOOL_CONVERSION = YES;
				CLANG_WARN_COMMA = YES;
				CLANG_WARN_CONSTANT_CONVERSION = YES;
				CLANG_WARN_DEPRECATED_OBJC_IMPLEMENTATIONS = YES;
				CLANG_WARN_DIRECT_OBJC_ISA_USAGE = YES_ERROR;
				CLANG_WARN_DOCUMENTATION_COMMENTS = YES;
				CLANG_WARN_EMPTY_BODY = YES;
				CLANG_WARN_ENUM_CONVERSION = YES;
				CLANG_WARN_INFINITE_RECURSION = YES;
				CLANG_WARN_INT_CONVERSION = YES;
				CLANG_WARN_NON_LITERAL_NULL_CONVERSION = YES;
				CLANG_WARN_OBJC_IMPLICIT_RETAIN_SELF = YES;
				CLANG_WARN_OBJC_LITERAL_CONVERSION = YES;
				CLANG_WARN_OBJC_ROOT_CLASS = YES_ERROR;
				CLANG_WARN_RANGE_LOOP_ANALYSIS = YES;
				CLANG_WARN_STRICT_PROTOTYPES = YES;
				CLANG_WARN_SUSPICIOUS_MOVE = YES;
				CLANG_WARN_UNGUARDED_AVAILABILITY = YES_AGGRESSIVE;
				CLANG_WARN_UNREACHABLE_CODE = YES;
				CLANG_WARN__DUPLICATE_METHOD_MATCH = YES;
				CODE_SIGN_IDENTITY = "iPhone Developer";
				COPY_PHASE_STRIP = NO;
				CURRENT_PROJECT_VERSION = 1;
				DEBUG_INFORMATION_FORMAT = "dwarf-with-dsym";
				ENABLE_NS_ASSERTIONS = NO;
				ENABLE_STRICT_OBJC_MSGSEND = YES;
				GCC_C_LANGUAGE_STANDARD = gnu11;
				GCC_NO_COMMON_BLOCKS = YES;
				GCC_WARN_64_TO_32_BIT_CONVERSION = YES;
				GCC_WARN_ABOUT_RETURN_TYPE = YES_ERROR;
				GCC_WARN_UNDECLARED_SELECTOR = YES;
				GCC_WARN_UNINITIALIZED_AUTOS = YES_AGGRESSIVE;
				GCC_WARN_UNUSED_FUNCTION = YES;
				GCC_WARN_UNUSED_VARIABLE = YES;
				IPHONEOS_DEPLOYMENT_TARGET = 11.3;
				MTL_ENABLE_DEBUG_INFO = NO;
				SDKROOT = iphoneos;
				SWIFT_COMPILATION_MODE = wholemodule;
				SWIFT_OPTIMIZATION_LEVEL = "-O";
				VALIDATE_PRODUCT = YES;
				VERSIONING_SYSTEM = "apple-generic";
				VERSION_INFO_PREFIX = "";
			};
			name = Release;
		};
		B1AD440620B200A600FAA190 /* Debug */ = {
			isa = XCBuildConfiguration;
			buildSettings = {
				CLANG_ENABLE_MODULES = YES;
				CODE_SIGN_IDENTITY = "";
				CODE_SIGN_STYLE = Automatic;
				DEFINES_MODULE = YES;
				DEVELOPMENT_TEAM = K4E5BZMM4V;
				DYLIB_COMPATIBILITY_VERSION = 1;
				DYLIB_CURRENT_VERSION = 1;
				DYLIB_INSTALL_NAME_BASE = "@rpath";
				INFOPLIST_FILE = LCEssentials/Info.plist;
				INSTALL_PATH = "$(LOCAL_LIBRARY_DIR)/Frameworks";
				LD_RUNPATH_SEARCH_PATHS = (
					"$(inherited)",
					"@executable_path/Frameworks",
					"@loader_path/Frameworks",
				);
				PRODUCT_BUNDLE_IDENTIFIER = br.com.loverde.LCEssentials;
				PRODUCT_NAME = "$(TARGET_NAME:c99extidentifier)";
				SKIP_INSTALL = YES;
				SWIFT_INCLUDE_PATHS = "${BUILT_PRODUCTS_DIR}/CommonCryptoModuleMap $(inherited)";
				SWIFT_OPTIMIZATION_LEVEL = "-Onone";
				SWIFT_VERSION = 4.0;
				TARGETED_DEVICE_FAMILY = "1,2";
			};
			name = Debug;
		};
		B1AD440720B200A600FAA190 /* Release */ = {
			isa = XCBuildConfiguration;
			buildSettings = {
				CLANG_ENABLE_MODULES = YES;
				CODE_SIGN_IDENTITY = "";
				CODE_SIGN_STYLE = Automatic;
				DEFINES_MODULE = YES;
				DEVELOPMENT_TEAM = K4E5BZMM4V;
				DYLIB_COMPATIBILITY_VERSION = 1;
				DYLIB_CURRENT_VERSION = 1;
				DYLIB_INSTALL_NAME_BASE = "@rpath";
				INFOPLIST_FILE = LCEssentials/Info.plist;
				INSTALL_PATH = "$(LOCAL_LIBRARY_DIR)/Frameworks";
				LD_RUNPATH_SEARCH_PATHS = (
					"$(inherited)",
					"@executable_path/Frameworks",
					"@loader_path/Frameworks",
				);
				PRODUCT_BUNDLE_IDENTIFIER = br.com.loverde.LCEssentials;
				PRODUCT_NAME = "$(TARGET_NAME:c99extidentifier)";
				SKIP_INSTALL = YES;
				SWIFT_INCLUDE_PATHS = "${BUILT_PRODUCTS_DIR}/CommonCryptoModuleMap $(inherited)";
				SWIFT_VERSION = 4.0;
				TARGETED_DEVICE_FAMILY = "1,2";
			};
			name = Release;
		};
		B1AD440920B200A600FAA190 /* Debug */ = {
			isa = XCBuildConfiguration;
			buildSettings = {
				ALWAYS_EMBED_SWIFT_STANDARD_LIBRARIES = YES;
				CODE_SIGN_STYLE = Automatic;
				DEVELOPMENT_TEAM = K4E5BZMM4V;
				INFOPLIST_FILE = LCEssentialsTests/Info.plist;
				LD_RUNPATH_SEARCH_PATHS = (
					"$(inherited)",
					"@executable_path/Frameworks",
					"@loader_path/Frameworks",
				);
				PRODUCT_BUNDLE_IDENTIFIER = br.com.loverde.LCEssentialsTests;
				PRODUCT_NAME = "$(TARGET_NAME)";
				SWIFT_VERSION = 4.0;
				TARGETED_DEVICE_FAMILY = "1,2";
			};
			name = Debug;
		};
		B1AD440A20B200A600FAA190 /* Release */ = {
			isa = XCBuildConfiguration;
			buildSettings = {
				ALWAYS_EMBED_SWIFT_STANDARD_LIBRARIES = YES;
				CODE_SIGN_STYLE = Automatic;
				DEVELOPMENT_TEAM = K4E5BZMM4V;
				INFOPLIST_FILE = LCEssentialsTests/Info.plist;
				LD_RUNPATH_SEARCH_PATHS = (
					"$(inherited)",
					"@executable_path/Frameworks",
					"@loader_path/Frameworks",
				);
				PRODUCT_BUNDLE_IDENTIFIER = br.com.loverde.LCEssentialsTests;
				PRODUCT_NAME = "$(TARGET_NAME)";
				SWIFT_VERSION = 4.0;
				TARGETED_DEVICE_FAMILY = "1,2";
			};
			name = Release;
		};
		B1AD441220B211DF00FAA190 /* Debug */ = {
			isa = XCBuildConfiguration;
			buildSettings = {
				CODE_SIGN_STYLE = Automatic;
				DEVELOPMENT_TEAM = K4E5BZMM4V;
				PRODUCT_NAME = "$(TARGET_NAME)";
			};
			name = Debug;
		};
		B1AD441320B211DF00FAA190 /* Release */ = {
			isa = XCBuildConfiguration;
			buildSettings = {
				CODE_SIGN_STYLE = Automatic;
				DEVELOPMENT_TEAM = K4E5BZMM4V;
				PRODUCT_NAME = "$(TARGET_NAME)";
			};
			name = Release;
		};
/* End XCBuildConfiguration section */

/* Begin XCConfigurationList section */
		B1AD43EB20B200A600FAA190 /* Build configuration list for PBXProject "LCEssentials" */ = {
			isa = XCConfigurationList;
			buildConfigurations = (
				B1AD440320B200A600FAA190 /* Debug */,
				B1AD440420B200A600FAA190 /* Release */,
			);
			defaultConfigurationIsVisible = 0;
			defaultConfigurationName = Release;
		};
		B1AD440520B200A600FAA190 /* Build configuration list for PBXNativeTarget "LCEssentials" */ = {
			isa = XCConfigurationList;
			buildConfigurations = (
				B1AD440620B200A600FAA190 /* Debug */,
				B1AD440720B200A600FAA190 /* Release */,
			);
			defaultConfigurationIsVisible = 0;
			defaultConfigurationName = Release;
		};
		B1AD440820B200A600FAA190 /* Build configuration list for PBXNativeTarget "LCEssentialsTests" */ = {
			isa = XCConfigurationList;
			buildConfigurations = (
				B1AD440920B200A600FAA190 /* Debug */,
				B1AD440A20B200A600FAA190 /* Release */,
			);
			defaultConfigurationIsVisible = 0;
			defaultConfigurationName = Release;
		};
		B1AD441120B211DF00FAA190 /* Build configuration list for PBXAggregateTarget "CommonCryptoModuleMap" */ = {
			isa = XCConfigurationList;
			buildConfigurations = (
				B1AD441220B211DF00FAA190 /* Debug */,
				B1AD441320B211DF00FAA190 /* Release */,
			);
			defaultConfigurationIsVisible = 0;
			defaultConfigurationName = Release;
		};
/* End XCConfigurationList section */
	};
	rootObject = B1AD43E820B200A600FAA190 /* Project object */;
}
